{
  "version": 4,
  "terraform_version": "1.6.3",
  "serial": 5,
  "lineage": "b0991937-924f-0c7e-59d3-a53854257c0f",
  "outputs": {
    "myID": {
      "value": "vpc-096f8e908bf62d92c",
      "type": "string"
    }
  },
  "resources": [
    {
      "mode": "managed",
      "type": "aws_vpc",
      "name": "myvpc",
      "provider": "provider[\"registry.terraform.io/hashicorp/aws\"]",
      "instances": [
        {
          "schema_version": 1,
          "attributes": {
            "arn": "arn:aws:ec2:us-west-2:635823988451:vpc/vpc-096f8e908bf62d92c",
            "assign_generated_ipv6_cidr_block": false,
            "cidr_block": "10.10.0.0/16",
            "default_network_acl_id": "acl-07166b2e4dcde6c68",
            "default_route_table_id": "rtb-0bd4f6fd5e9a4d073",
            "default_security_group_id": "sg-0d744f1a173fcd1f8",
            "dhcp_options_id": "dopt-f5d18f93",
            "enable_dns_hostnames": false,
            "enable_dns_support": true,
            "enable_network_address_usage_metrics": false,
            "id": "vpc-096f8e908bf62d92c",
            "instance_tenancy": "default",
            "ipv4_ipam_pool_id": null,
            "ipv4_netmask_length": null,
            "ipv6_association_id": "",
            "ipv6_cidr_block": "",
            "ipv6_cidr_block_network_border_group": "",
            "ipv6_ipam_pool_id": "",
            "ipv6_netmask_length": 0,
            "main_route_table_id": "rtb-0bd4f6fd5e9a4d073",
            "owner_id": "635823988451",
            "tags": {
              "Name": "philhull"
            },
            "tags_all": {
              "Name": "philhull"
            }
          },
          "sensitive_attributes": [],
          "private": "eyJzY2hlbWFfdmVyc2lvbiI6IjEifQ=="
        }
      ]
    }
  ],
  "check_results": null
}
